
Microsoft Visual Studio Solution File, Format Version 12.00
# Visual Studio 2012
Project("{FAE04EC0-301F-11D3-BF4B-00C04F79EFBC}") = "01. NumbersToN", "01. NumbersToN\01. NumbersToN.csproj", "{18CBD8AF-9B1A-463B-A5A0-C055362D3B04}"
EndProject
Project("{FAE04EC0-301F-11D3-BF4B-00C04F79EFBC}") = "02. DivideBy3and7", "02. DivideBy3and7\02. DivideBy3and7.csproj", "{C1BF7E34-E358-4F78-A040-804709D36178}"
EndProject
Project("{FAE04EC0-301F-11D3-BF4B-00C04F79EFBC}") = "03. MinAndMaxValue", "03. MinAndMaxValue\03. MinAndMaxValue.csproj", "{1207A5FE-C1EF-45F5-BD9C-2FE69D5F341F}"
EndProject
Project("{FAE04EC0-301F-11D3-BF4B-00C04F79EFBC}") = "04. NFactorialCalculation", "04. NFactorialCalculation\04. NFactorialCalculation.csproj", "{5596CB15-2177-46A5-AEDA-188BB76B33BE}"
EndProject
Project("{FAE04EC0-301F-11D3-BF4B-00C04F79EFBC}") = "05. NFactorialCalculation2", "05. NFactorialCalculation2\05. NFactorialCalculation2.csproj", "{49625159-8DC4-40C2-A5D8-DDC64BBA5E16}"
EndProject
Project("{FAE04EC0-301F-11D3-BF4B-00C04F79EFBC}") = "06. CalculateSumFactorial", "06. CalculateSumFactorial\06. CalculateSumFactorial.csproj", "{519A6C00-5015-4C47-8EB0-E20B5217BD7A}"
EndProject
Project("{FAE04EC0-301F-11D3-BF4B-00C04F79EFBC}") = "07. FibonacciSum", "07. FibonacciSum\07. FibonacciSum.csproj", "{A470B149-5F28-474A-AE3F-59C062ED6B86}"
EndProject
Project("{FAE04EC0-301F-11D3-BF4B-00C04F79EFBC}") = "08. GreatestDivisor", "08. GreatestDivisor\08. GreatestDivisor.csproj", "{3CEEB658-04D7-40A3-AA5C-1A1A30CB1E5F}"
EndProject
Project("{FAE04EC0-301F-11D3-BF4B-00C04F79EFBC}") = "09. Catalan", "09. Catalan\09. Catalan.csproj", "{A4562069-377B-45EB-A36B-476BEEEF3E88}"
EndProject
Project("{FAE04EC0-301F-11D3-BF4B-00C04F79EFBC}") = "11. NumberSeq", "11. NumberSeq\11. NumberSeq.csproj", "{F9548912-F045-4F63-BC45-E5D04B5A1AC2}"
EndProject
Global
	GlobalSection(SolutionConfigurationPlatforms) = preSolution
		Debug|Any CPU = Debug|Any CPU
		Release|Any CPU = Release|Any CPU
	EndGlobalSection
	GlobalSection(ProjectConfigurationPlatforms) = postSolution
		{18CBD8AF-9B1A-463B-A5A0-C055362D3B04}.Debug|Any CPU.ActiveCfg = Debug|Any CPU
		{18CBD8AF-9B1A-463B-A5A0-C055362D3B04}.Debug|Any CPU.Build.0 = Debug|Any CPU
		{18CBD8AF-9B1A-463B-A5A0-C055362D3B04}.Release|Any CPU.ActiveCfg = Release|Any CPU
		{18CBD8AF-9B1A-463B-A5A0-C055362D3B04}.Release|Any CPU.Build.0 = Release|Any CPU
		{C1BF7E34-E358-4F78-A040-804709D36178}.Debug|Any CPU.ActiveCfg = Debug|Any CPU
		{C1BF7E34-E358-4F78-A040-804709D36178}.Debug|Any CPU.Build.0 = Debug|Any CPU
		{C1BF7E34-E358-4F78-A040-804709D36178}.Release|Any CPU.ActiveCfg = Release|Any CPU
		{C1BF7E34-E358-4F78-A040-804709D36178}.Release|Any CPU.Build.0 = Release|Any CPU
		{1207A5FE-C1EF-45F5-BD9C-2FE69D5F341F}.Debug|Any CPU.ActiveCfg = Debug|Any CPU
		{1207A5FE-C1EF-45F5-BD9C-2FE69D5F341F}.Debug|Any CPU.Build.0 = Debug|Any CPU
		{1207A5FE-C1EF-45F5-BD9C-2FE69D5F341F}.Release|Any CPU.ActiveCfg = Release|Any CPU
		{1207A5FE-C1EF-45F5-BD9C-2FE69D5F341F}.Release|Any CPU.Build.0 = Release|Any CPU
		{5596CB15-2177-46A5-AEDA-188BB76B33BE}.Debug|Any CPU.ActiveCfg = Debug|Any CPU
		{5596CB15-2177-46A5-AEDA-188BB76B33BE}.Debug|Any CPU.Build.0 = Debug|Any CPU
		{5596CB15-2177-46A5-AEDA-188BB76B33BE}.Release|Any CPU.ActiveCfg = Release|Any CPU
		{5596CB15-2177-46A5-AEDA-188BB76B33BE}.Release|Any CPU.Build.0 = Release|Any CPU
		{49625159-8DC4-40C2-A5D8-DDC64BBA5E16}.Debug|Any CPU.ActiveCfg = Debug|Any CPU
		{49625159-8DC4-40C2-A5D8-DDC64BBA5E16}.Debug|Any CPU.Build.0 = Debug|Any CPU
		{49625159-8DC4-40C2-A5D8-DDC64BBA5E16}.Release|Any CPU.ActiveCfg = Release|Any CPU
		{49625159-8DC4-40C2-A5D8-DDC64BBA5E16}.Release|Any CPU.Build.0 = Release|Any CPU
		{519A6C00-5015-4C47-8EB0-E20B5217BD7A}.Debug|Any CPU.ActiveCfg = Debug|Any CPU
		{519A6C00-5015-4C47-8EB0-E20B5217BD7A}.Debug|Any CPU.Build.0 = Debug|Any CPU
		{519A6C00-5015-4C47-8EB0-E20B5217BD7A}.Release|Any CPU.ActiveCfg = Release|Any CPU
		{519A6C00-5015-4C47-8EB0-E20B5217BD7A}.Release|Any CPU.Build.0 = Release|Any CPU
		{A470B149-5F28-474A-AE3F-59C062ED6B86}.Debug|Any CPU.ActiveCfg = Debug|Any CPU
		{A470B149-5F28-474A-AE3F-59C062ED6B86}.Debug|Any CPU.Build.0 = Debug|Any CPU
		{A470B149-5F28-474A-AE3F-59C062ED6B86}.Release|Any CPU.ActiveCfg = Release|Any CPU
		{A470B149-5F28-474A-AE3F-59C062ED6B86}.Release|Any CPU.Build.0 = Release|Any CPU
		{3CEEB658-04D7-40A3-AA5C-1A1A30CB1E5F}.Debug|Any CPU.ActiveCfg = Debug|Any CPU
		{3CEEB658-04D7-40A3-AA5C-1A1A30CB1E5F}.Debug|Any CPU.Build.0 = Debug|Any CPU
		{3CEEB658-04D7-40A3-AA5C-1A1A30CB1E5F}.Release|Any CPU.ActiveCfg = Release|Any CPU
		{3CEEB658-04D7-40A3-AA5C-1A1A30CB1E5F}.Release|Any CPU.Build.0 = Release|Any CPU
		{A4562069-377B-45EB-A36B-476BEEEF3E88}.Debug|Any CPU.ActiveCfg = Debug|Any CPU
		{A4562069-377B-45EB-A36B-476BEEEF3E88}.Debug|Any CPU.Build.0 = Debug|Any CPU
		{A4562069-377B-45EB-A36B-476BEEEF3E88}.Release|Any CPU.ActiveCfg = Release|Any CPU
		{A4562069-377B-45EB-A36B-476BEEEF3E88}.Release|Any CPU.Build.0 = Release|Any CPU
		{F9548912-F045-4F63-BC45-E5D04B5A1AC2}.Debug|Any CPU.ActiveCfg = Debug|Any CPU
		{F9548912-F045-4F63-BC45-E5D04B5A1AC2}.Debug|Any CPU.Build.0 = Debug|Any CPU
		{F9548912-F045-4F63-BC45-E5D04B5A1AC2}.Release|Any CPU.ActiveCfg = Release|Any CPU
		{F9548912-F045-4F63-BC45-E5D04B5A1AC2}.Release|Any CPU.Build.0 = Release|Any CPU
	EndGlobalSection
	GlobalSection(SolutionProperties) = preSolution
		HideSolutionNode = FALSE
	EndGlobalSection
EndGlobal
